
Microsoft Visual Studio Solution File, Format Version 12.00
# Visual Studio Version 16
VisualStudioVersion = 16.0.31205.134
MinimumVisualStudioVersion = 10.0.40219.1
Project("{8BC9CEB8-8B4A-11D0-8D11-00A0C91BC942}") = "evil.dll", "evil.dll\evil.dll.vcxproj", "{672CDD74-DC34-45A6-8B3F-3549113B6B7F}"
EndProject
Global
	GlobalSection(SolutionConfigurationPlatforms) = preSolution
		Debug|x64 = Debug|x64
		Debug|x86 = Debug|x86
		Release|x64 = Release|x64
		Release|x86 = Release|x86
	EndGlobalSection
	GlobalSection(ProjectConfigurationPlatforms) = postSolution
		{672CDD74-DC34-45A6-8B3F-3549113B6B7F}.Debug|x64.ActiveCfg = Debug|x64
		{672CDD74-DC34-45A6-8B3F-3549113B6B7F}.Debug|x64.Build.0 = Debug|x64
		{672CDD74-DC34-45A6-8B3F-3549113B6B7F}.Debug|x86.ActiveCfg = Debug|Win32
		{672CDD74-DC34-45A6-8B3F-3549113B6B7F}.Debug|x86.Build.0 = Debug|Win32
		{672CDD74-DC34-45A6-8B3F-3549113B6B7F}.Release|x64.ActiveCfg = Release|x64
		{672CDD74-DC34-45A6-8B3F-3549113B6B7F}.Release|x64.Build.0 = Release|x64
		{672CDD74-DC34-45A6-8B3F-3549113B6B7F}.Release|x86.ActiveCfg = Release|Win32
		{672CDD74-DC34-45A6-8B3F-3549113B6B7F}.Release|x86.Build.0 = Release|Win32
	EndGlobalSection
	GlobalSection(SolutionProperties) = preSolution
		HideSolutionNode = FALSE
	EndGlobalSection
	GlobalSection(ExtensibilityGlobals) = postSolution
		SolutionGuid = {20A3145A-BDB1-49D2-BC37-E1E0047CDCF8}
	EndGlobalSection
EndGlobal
